
Microsoft Visual Studio Solution File, Format Version 12.00
# Visual Studio Version 16
VisualStudioVersion = 16.0.31624.102
MinimumVisualStudioVersion = 10.0.40219.1
Project("{2150E333-8FDC-42A3-9474-1A3956D46DE8}") = "Services", "Services", "{C3E27D33-1A71-4B6A-A9CC-57058FD03E2E}"
EndProject
Project("{2150E333-8FDC-42A3-9474-1A3956D46DE8}") = "Catalog", "Catalog", "{D3F63A4B-6C6F-4A7C-9DCA-9CB9D2A77C48}"
EndProject
Project("{9A19103F-16F7-4668-BE54-9A1E7A4F7556}") = "Catalog.API", "Services\Catalog\Catalog.API\Catalog.API.csproj", "{DEF4DB56-A153-421B-8C31-01ED7FD5085C}"
EndProject
Project("{E53339B2-1760-4266-BCC7-CA923CBCF16C}") = "docker-compose", "docker-compose.dcproj", "{4F2BC842-F0E8-470E-80B9-1AE1C835E71A}"
EndProject
Project("{2150E333-8FDC-42A3-9474-1A3956D46DE8}") = "Basket", "Basket", "{207CA821-AE2C-40E4-8120-B0A2F1A42171}"
EndProject
Project("{9A19103F-16F7-4668-BE54-9A1E7A4F7556}") = "Basket.API", "Services\Basket\Basket.API\Basket.API.csproj", "{D28CF992-C885-4333-8BCB-6F108629AEF2}"
EndProject
Project("{2150E333-8FDC-42A3-9474-1A3956D46DE8}") = "Discount", "Discount", "{D77C1B5F-3D65-41C8-A5CC-CF696C9E4759}"
EndProject
Project("{9A19103F-16F7-4668-BE54-9A1E7A4F7556}") = "Discount.API", "Services\Discount\Discount.API\Discount.API.csproj", "{DDF76928-84F0-418D-8D73-C15BFD547D27}"
EndProject
Project("{9A19103F-16F7-4668-BE54-9A1E7A4F7556}") = "Discount.Grpc", "Services\Discount\Discount.Grpc\Discount.Grpc.csproj", "{5D28A0F7-CDB7-4B86-BB67-229A321F6145}"
EndProject
Project("{2150E333-8FDC-42A3-9474-1A3956D46DE8}") = "Ordering", "Ordering", "{FBFFBFF8-B5AD-456C-A416-F1603100613C}"
EndProject
Project("{FAE04EC0-301F-11D3-BF4B-00C04F79EFBC}") = "Ordering.API", "Services\Ordering\Ordering.API\Ordering.API.csproj", "{E673196A-4018-46A4-82C0-809ED01F39E1}"
EndProject
Project("{FAE04EC0-301F-11D3-BF4B-00C04F79EFBC}") = "Ordering.Domain", "Services\Ordering\Ordering.Domain\Ordering.Domain.csproj", "{05FAEAC8-57BF-4244-A491-16D63ECBE425}"
EndProject
Project("{FAE04EC0-301F-11D3-BF4B-00C04F79EFBC}") = "Ordering.Application", "Services\Ordering\Ordering.Application\Ordering.Application.csproj", "{F177D3B4-5FBC-47EF-980F-CE425572893C}"
EndProject
Project("{FAE04EC0-301F-11D3-BF4B-00C04F79EFBC}") = "Ordering.Infrastructure", "Services\Ordering\Ordering.Infrastructure\Ordering.Infrastructure.csproj", "{11262B19-25E1-4BCE-85E3-56054E794BE7}"
EndProject
Global
	GlobalSection(SolutionConfigurationPlatforms) = preSolution
		Debug|Any CPU = Debug|Any CPU
		Release|Any CPU = Release|Any CPU
	EndGlobalSection
	GlobalSection(ProjectConfigurationPlatforms) = postSolution
		{DEF4DB56-A153-421B-8C31-01ED7FD5085C}.Debug|Any CPU.ActiveCfg = Debug|Any CPU
		{DEF4DB56-A153-421B-8C31-01ED7FD5085C}.Debug|Any CPU.Build.0 = Debug|Any CPU
		{DEF4DB56-A153-421B-8C31-01ED7FD5085C}.Release|Any CPU.ActiveCfg = Release|Any CPU
		{DEF4DB56-A153-421B-8C31-01ED7FD5085C}.Release|Any CPU.Build.0 = Release|Any CPU
		{4F2BC842-F0E8-470E-80B9-1AE1C835E71A}.Debug|Any CPU.ActiveCfg = Debug|Any CPU
		{4F2BC842-F0E8-470E-80B9-1AE1C835E71A}.Debug|Any CPU.Build.0 = Debug|Any CPU
		{4F2BC842-F0E8-470E-80B9-1AE1C835E71A}.Release|Any CPU.ActiveCfg = Release|Any CPU
		{4F2BC842-F0E8-470E-80B9-1AE1C835E71A}.Release|Any CPU.Build.0 = Release|Any CPU
		{D28CF992-C885-4333-8BCB-6F108629AEF2}.Debug|Any CPU.ActiveCfg = Debug|Any CPU
		{D28CF992-C885-4333-8BCB-6F108629AEF2}.Debug|Any CPU.Build.0 = Debug|Any CPU
		{D28CF992-C885-4333-8BCB-6F108629AEF2}.Release|Any CPU.ActiveCfg = Release|Any CPU
		{D28CF992-C885-4333-8BCB-6F108629AEF2}.Release|Any CPU.Build.0 = Release|Any CPU
		{DDF76928-84F0-418D-8D73-C15BFD547D27}.Debug|Any CPU.ActiveCfg = Debug|Any CPU
		{DDF76928-84F0-418D-8D73-C15BFD547D27}.Debug|Any CPU.Build.0 = Debug|Any CPU
		{DDF76928-84F0-418D-8D73-C15BFD547D27}.Release|Any CPU.ActiveCfg = Release|Any CPU
		{DDF76928-84F0-418D-8D73-C15BFD547D27}.Release|Any CPU.Build.0 = Release|Any CPU
		{5D28A0F7-CDB7-4B86-BB67-229A321F6145}.Debug|Any CPU.ActiveCfg = Debug|Any CPU
		{5D28A0F7-CDB7-4B86-BB67-229A321F6145}.Debug|Any CPU.Build.0 = Debug|Any CPU
		{5D28A0F7-CDB7-4B86-BB67-229A321F6145}.Release|Any CPU.ActiveCfg = Release|Any CPU
		{5D28A0F7-CDB7-4B86-BB67-229A321F6145}.Release|Any CPU.Build.0 = Release|Any CPU
		{E673196A-4018-46A4-82C0-809ED01F39E1}.Debug|Any CPU.ActiveCfg = Debug|Any CPU
		{E673196A-4018-46A4-82C0-809ED01F39E1}.Debug|Any CPU.Build.0 = Debug|Any CPU
		{E673196A-4018-46A4-82C0-809ED01F39E1}.Release|Any CPU.ActiveCfg = Release|Any CPU
		{E673196A-4018-46A4-82C0-809ED01F39E1}.Release|Any CPU.Build.0 = Release|Any CPU
		{05FAEAC8-57BF-4244-A491-16D63ECBE425}.Debug|Any CPU.ActiveCfg = Debug|Any CPU
		{05FAEAC8-57BF-4244-A491-16D63ECBE425}.Debug|Any CPU.Build.0 = Debug|Any CPU
		{05FAEAC8-57BF-4244-A491-16D63ECBE425}.Release|Any CPU.ActiveCfg = Release|Any CPU
		{05FAEAC8-57BF-4244-A491-16D63ECBE425}.Release|Any CPU.Build.0 = Release|Any CPU
		{F177D3B4-5FBC-47EF-980F-CE425572893C}.Debug|Any CPU.ActiveCfg = Debug|Any CPU
		{F177D3B4-5FBC-47EF-980F-CE425572893C}.Debug|Any CPU.Build.0 = Debug|Any CPU
		{F177D3B4-5FBC-47EF-980F-CE425572893C}.Release|Any CPU.ActiveCfg = Release|Any CPU
		{F177D3B4-5FBC-47EF-980F-CE425572893C}.Release|Any CPU.Build.0 = Release|Any CPU
		{11262B19-25E1-4BCE-85E3-56054E794BE7}.Debug|Any CPU.ActiveCfg = Debug|Any CPU
		{11262B19-25E1-4BCE-85E3-56054E794BE7}.Debug|Any CPU.Build.0 = Debug|Any CPU
		{11262B19-25E1-4BCE-85E3-56054E794BE7}.Release|Any CPU.ActiveCfg = Release|Any CPU
		{11262B19-25E1-4BCE-85E3-56054E794BE7}.Release|Any CPU.Build.0 = Release|Any CPU
	EndGlobalSection
	GlobalSection(SolutionProperties) = preSolution
		HideSolutionNode = FALSE
	EndGlobalSection
	GlobalSection(NestedProjects) = preSolution
		{D3F63A4B-6C6F-4A7C-9DCA-9CB9D2A77C48} = {C3E27D33-1A71-4B6A-A9CC-57058FD03E2E}
		{DEF4DB56-A153-421B-8C31-01ED7FD5085C} = {D3F63A4B-6C6F-4A7C-9DCA-9CB9D2A77C48}
		{207CA821-AE2C-40E4-8120-B0A2F1A42171} = {C3E27D33-1A71-4B6A-A9CC-57058FD03E2E}
		{D28CF992-C885-4333-8BCB-6F108629AEF2} = {207CA821-AE2C-40E4-8120-B0A2F1A42171}
		{D77C1B5F-3D65-41C8-A5CC-CF696C9E4759} = {C3E27D33-1A71-4B6A-A9CC-57058FD03E2E}
		{DDF76928-84F0-418D-8D73-C15BFD547D27} = {D77C1B5F-3D65-41C8-A5CC-CF696C9E4759}
		{5D28A0F7-CDB7-4B86-BB67-229A321F6145} = {D77C1B5F-3D65-41C8-A5CC-CF696C9E4759}
		{FBFFBFF8-B5AD-456C-A416-F1603100613C} = {C3E27D33-1A71-4B6A-A9CC-57058FD03E2E}
		{E673196A-4018-46A4-82C0-809ED01F39E1} = {FBFFBFF8-B5AD-456C-A416-F1603100613C}
		{05FAEAC8-57BF-4244-A491-16D63ECBE425} = {FBFFBFF8-B5AD-456C-A416-F1603100613C}
		{F177D3B4-5FBC-47EF-980F-CE425572893C} = {FBFFBFF8-B5AD-456C-A416-F1603100613C}
		{11262B19-25E1-4BCE-85E3-56054E794BE7} = {FBFFBFF8-B5AD-456C-A416-F1603100613C}
	EndGlobalSection
	GlobalSection(ExtensibilityGlobals) = postSolution
		SolutionGuid = {4D451DCE-EFD6-4760-9FFB-90A70774E243}
	EndGlobalSection
EndGlobal
